// !$*UTF8*$!
{
	archiveVersion = 1;
	classes = {
	};
	objectVersion = 48;
	objects = {

/* Begin PBXBuildFile section */
		CF4BB9D51FC3F5EB0007EF74 /* AssetsLibrary.framework in Frameworks */ = {isa = PBXBuildFile; fileRef = CF4BB9D41FC3F5E50007EF74 /* AssetsLibrary.framework */; };
		CF4BB9D71FC3F5FB0007EF74 /* CoreLocation.framework in Frameworks */ = {isa = PBXBuildFile; fileRef = CF4BB9D61FC3F5F20007EF74 /* CoreLocation.framework */; };
		CF4BB9D91FC3F6080007EF74 /* CoreGraphics.framework in Frameworks */ = {isa = PBXBuildFile; fileRef = CF4BB9D81FC3F6020007EF74 /* CoreGraphics.framework */; };
		CF4BB9DB1FC3F6150007EF74 /* MobileCoreServices.framework in Frameworks */ = {isa = PBXBuildFile; fileRef = CF4BB9DA1FC3F60F0007EF74 /* MobileCoreServices.framework */; };
		CF4BB9EA1FC3FE6E0007EF74 /* ACDVViewController.m in Sources */ = {isa = PBXBuildFile; fileRef = CF4BB9E91FC3FE6E0007EF74 /* ACDVViewController.m */; };
		CF4BBC3F1FC533240007EF74 /* config.xml in Resources */ = {isa = PBXBuildFile; fileRef = CF4BBC3D1FC533240007EF74 /* config.xml */; };
		CF4BBC401FC533240007EF74 /* www in Resources */ = {isa = PBXBuildFile; fileRef = CF4BBC3E1FC533240007EF74 /* www */; };
		CF4BBC4C1FC533AE0007EF74 /* libCordova.a in Frameworks */ = {isa = PBXBuildFile; fileRef = CF4BBC471FC5332E0007EF74 /* libCordova.a */; };
		CFA6C6621FC3F31A0070D823 /* AppDelegate.m in Sources */ = {isa = PBXBuildFile; fileRef = CFA6C6611FC3F31A0070D823 /* AppDelegate.m */; };
		CFA6C6651FC3F31A0070D823 /* ViewController.m in Sources */ = {isa = PBXBuildFile; fileRef = CFA6C6641FC3F31A0070D823 /* ViewController.m */; };
		CFA6C6681FC3F31A0070D823 /* Main.storyboard in Resources */ = {isa = PBXBuildFile; fileRef = CFA6C6661FC3F31A0070D823 /* Main.storyboard */; };
		CFA6C66A1FC3F31A0070D823 /* Assets.xcassets in Resources */ = {isa = PBXBuildFile; fileRef = CFA6C6691FC3F31A0070D823 /* Assets.xcassets */; };
		CFA6C66D1FC3F31A0070D823 /* LaunchScreen.storyboard in Resources */ = {isa = PBXBuildFile; fileRef = CFA6C66B1FC3F31A0070D823 /* LaunchScreen.storyboard */; };
		CFA6C6701FC3F31A0070D823 /* main.m in Sources */ = {isa = PBXBuildFile; fileRef = CFA6C66F1FC3F31A0070D823 /* main.m */; };
		CFA6C67A1FC3F31A0070D823 /* TestCordovaManuallyTests.m in Sources */ = {isa = PBXBuildFile; fileRef = CFA6C6791FC3F31A0070D823 /* TestCordovaManuallyTests.m */; };
/* End PBXBuildFile section */

/* Begin PBXContainerItemProxy section */
		CF4BBC461FC5332E0007EF74 /* PBXContainerItemProxy */ = {
			isa = PBXContainerItemProxy;
			containerPortal = CF4BBC411FC5332E0007EF74 /* CordovaLib.xcodeproj */;
			proxyType = 2;
			remoteGlobalIDString = 68A32D7114102E1C006B237C;
			remoteInfo = CordovaLib;
		};
		CF4BBC481FC5332E0007EF74 /* PBXContainerItemProxy */ = {
			isa = PBXContainerItemProxy;
			containerPortal = CF4BBC411FC5332E0007EF74 /* CordovaLib.xcodeproj */;
			proxyType = 2;
			remoteGlobalIDString = C0C01EB21E3911D50056E6CB;
			remoteInfo = Cordova;
		};
		CF4BBC4A1FC533A80007EF74 /* PBXContainerItemProxy */ = {
			isa = PBXContainerItemProxy;
			containerPortal = CF4BBC411FC5332E0007EF74 /* CordovaLib.xcodeproj */;
			proxyType = 1;
			remoteGlobalIDString = C0C01EB11E3911D50056E6CB;
			remoteInfo = Cordova;
		};
		CFA6C6761FC3F31A0070D823 /* PBXContainerItemProxy */ = {
			isa = PBXContainerItemProxy;
			containerPortal = CFA6C6551FC3F31A0070D823 /* Project object */;
			proxyType = 1;
			remoteGlobalIDString = CFA6C65C1FC3F31A0070D823;
			remoteInfo = TestCordovaManually;
		};
/* End PBXContainerItemProxy section */

/* Begin PBXFileReference section */
		CF4BB9D41FC3F5E50007EF74 /* AssetsLibrary.framework */ = {isa = PBXFileReference; lastKnownFileType = wrapper.framework; name = AssetsLibrary.framework; path = System/Library/Frameworks/AssetsLibrary.framework; sourceTree = SDKROOT; };
		CF4BB9D61FC3F5F20007EF74 /* CoreLocation.framework */ = {isa = PBXFileReference; lastKnownFileType = wrapper.framework; name = CoreLocation.framework; path = System/Library/Frameworks/CoreLocation.framework; sourceTree = SDKROOT; };
		CF4BB9D81FC3F6020007EF74 /* CoreGraphics.framework */ = {isa = PBXFileReference; lastKnownFileType = wrapper.framework; name = CoreGraphics.framework; path = System/Library/Frameworks/CoreGraphics.framework; sourceTree = SDKROOT; };
		CF4BB9DA1FC3F60F0007EF74 /* MobileCoreServices.framework */ = {isa = PBXFileReference; lastKnownFileType = wrapper.framework; name = MobileCoreServices.framework; path = System/Library/Frameworks/MobileCoreServices.framework; sourceTree = SDKROOT; };
		CF4BB9E81FC3FE6E0007EF74 /* ACDVViewController.h */ = {isa = PBXFileReference; lastKnownFileType = sourcecode.c.h; path = ACDVViewController.h; sourceTree = "<group>"; };
		CF4BB9E91FC3FE6E0007EF74 /* ACDVViewController.m */ = {isa = PBXFileReference; lastKnownFileType = sourcecode.c.objc; path = ACDVViewController.m; sourceTree = "<group>"; };
		CF4BBC3D1FC533240007EF74 /* config.xml */ = {isa = PBXFileReference; fileEncoding = 4; lastKnownFileType = text.xml; path = config.xml; sourceTree = "<group>"; };
		CF4BBC3E1FC533240007EF74 /* www */ = {isa = PBXFileReference; lastKnownFileType = folder; path = www; sourceTree = "<group>"; };
		CF4BBC411FC5332E0007EF74 /* CordovaLib.xcodeproj */ = {isa = PBXFileReference; lastKnownFileType = "wrapper.pb-project"; name = CordovaLib.xcodeproj; path = CordovaLib/CordovaLib.xcodeproj; sourceTree = "<group>"; };
		CFA6C65D1FC3F31A0070D823 /* TestCordovaManually.app */ = {isa = PBXFileReference; explicitFileType = wrapper.application; includeInIndex = 0; path = TestCordovaManually.app; sourceTree = BUILT_PRODUCTS_DIR; };
		CFA6C6601FC3F31A0070D823 /* AppDelegate.h */ = {isa = PBXFileReference; lastKnownFileType = sourcecode.c.h; path = AppDelegate.h; sourceTree = "<group>"; };
		CFA6C6611FC3F31A0070D823 /* AppDelegate.m */ = {isa = PBXFileReference; lastKnownFileType = sourcecode.c.objc; path = AppDelegate.m; sourceTree = "<group>"; };
		CFA6C6631FC3F31A0070D823 /* ViewController.h */ = {isa = PBXFileReference; lastKnownFileType = sourcecode.c.h; path = ViewController.h; sourceTree = "<group>"; };
		CFA6C6641FC3F31A0070D823 /* ViewController.m */ = {isa = PBXFileReference; lastKnownFileType = sourcecode.c.objc; path = ViewController.m; sourceTree = "<group>"; };
		CFA6C6671FC3F31A0070D823 /* Base */ = {isa = PBXFileReference; lastKnownFileType = file.storyboard; name = Base; path = Base.lproj/Main.storyboard; sourceTree = "<group>"; };
		CFA6C6691FC3F31A0070D823 /* Assets.xcassets */ = {isa = PBXFileReference; lastKnownFileType = folder.assetcatalog; path = Assets.xcassets; sourceTree = "<group>"; };
		CFA6C66C1FC3F31A0070D823 /* Base */ = {isa = PBXFileReference; lastKnownFileType = file.storyboard; name = Base; path = Base.lproj/LaunchScreen.storyboard; sourceTree = "<group>"; };
		CFA6C66E1FC3F31A0070D823 /* Info.plist */ = {isa = PBXFileReference; lastKnownFileType = text.plist.xml; path = Info.plist; sourceTree = "<group>"; };
		CFA6C66F1FC3F31A0070D823 /* main.m */ = {isa = PBXFileReference; lastKnownFileType = sourcecode.c.objc; path = main.m; sourceTree = "<group>"; };
		CFA6C6751FC3F31A0070D823 /* TestCordovaManuallyTests.xctest */ = {isa = PBXFileReference; explicitFileType = wrapper.cfbundle; includeInIndex = 0; path = TestCordovaManuallyTests.xctest; sourceTree = BUILT_PRODUCTS_DIR; };
		CFA6C6791FC3F31A0070D823 /* TestCordovaManuallyTests.m */ = {isa = PBXFileReference; lastKnownFileType = sourcecode.c.objc; path = TestCordovaManuallyTests.m; sourceTree = "<group>"; };
		CFA6C67B1FC3F31A0070D823 /* Info.plist */ = {isa = PBXFileReference; lastKnownFileType = text.plist.xml; path = Info.plist; sourceTree = "<group>"; };
/* End PBXFileReference section */

/* Begin PBXFrameworksBuildPhase section */
		CFA6C65A1FC3F31A0070D823 /* Frameworks */ = {
			isa = PBXFrameworksBuildPhase;
			buildActionMask = 2147483647;
			files = (
				CF4BBC4C1FC533AE0007EF74 /* libCordova.a in Frameworks */,
				CF4BB9DB1FC3F6150007EF74 /* MobileCoreServices.framework in Frameworks */,
				CF4BB9D91FC3F6080007EF74 /* CoreGraphics.framework in Frameworks */,
				CF4BB9D71FC3F5FB0007EF74 /* CoreLocation.framework in Frameworks */,
				CF4BB9D51FC3F5EB0007EF74 /* AssetsLibrary.framework in Frameworks */,
			);
			runOnlyForDeploymentPostprocessing = 0;
		};
		CFA6C6721FC3F31A0070D823 /* Frameworks */ = {
			isa = PBXFrameworksBuildPhase;
			buildActionMask = 2147483647;
			files = (
			);
			runOnlyForDeploymentPostprocessing = 0;
		};
/* End PBXFrameworksBuildPhase section */

/* Begin PBXGroup section */
		CF4BB9D31FC3F5E50007EF74 /* Frameworks */ = {
			isa = PBXGroup;
			children = (
				CF4BB9DA1FC3F60F0007EF74 /* MobileCoreServices.framework */,
				CF4BB9D81FC3F6020007EF74 /* CoreGraphics.framework */,
				CF4BB9D61FC3F5F20007EF74 /* CoreLocation.framework */,
				CF4BB9D41FC3F5E50007EF74 /* AssetsLibrary.framework */,
			);
			name = Frameworks;
			sourceTree = "<group>";
		};
		CF4BBC421FC5332E0007EF74 /* Products */ = {
			isa = PBXGroup;
			children = (
				CF4BBC471FC5332E0007EF74 /* libCordova.a */,
				CF4BBC491FC5332E0007EF74 /* Cordova.framework */,
			);
			name = Products;
			sourceTree = "<group>";
		};
		CFA6C6541FC3F31A0070D823 = {
			isa = PBXGroup;
			children = (
				CFA6C65F1FC3F31A0070D823 /* TestCordovaManually */,
				CFA6C6781FC3F31A0070D823 /* TestCordovaManuallyTests */,
				CFA6C65E1FC3F31A0070D823 /* Products */,
				CF4BB9D31FC3F5E50007EF74 /* Frameworks */,
			);
			sourceTree = "<group>";
		};
		CFA6C65E1FC3F31A0070D823 /* Products */ = {
			isa = PBXGroup;
			children = (
				CFA6C65D1FC3F31A0070D823 /* TestCordovaManually.app */,
				CFA6C6751FC3F31A0070D823 /* TestCordovaManuallyTests.xctest */,
			);
			name = Products;
			sourceTree = "<group>";
		};
		CFA6C65F1FC3F31A0070D823 /* TestCordovaManually */ = {
			isa = PBXGroup;
			children = (
				CF4BBC3D1FC533240007EF74 /* config.xml */,
				CF4BBC411FC5332E0007EF74 /* CordovaLib.xcodeproj */,
				CF4BBC3E1FC533240007EF74 /* www */,
				CFA6C6601FC3F31A0070D823 /* AppDelegate.h */,
				CFA6C6611FC3F31A0070D823 /* AppDelegate.m */,
				CFA6C6631FC3F31A0070D823 /* ViewController.h */,
				CFA6C6641FC3F31A0070D823 /* ViewController.m */,
				CF4BB9E81FC3FE6E0007EF74 /* ACDVViewController.h */,
				CF4BB9E91FC3FE6E0007EF74 /* ACDVViewController.m */,
				CFA6C6661FC3F31A0070D823 /* Main.storyboard */,
				CFA6C6691FC3F31A0070D823 /* Assets.xcassets */,
				CFA6C66B1FC3F31A0070D823 /* LaunchScreen.storyboard */,
				CFA6C66E1FC3F31A0070D823 /* Info.plist */,
				CFA6C66F1FC3F31A0070D823 /* main.m */,
			);
			path = TestCordovaManually;
			sourceTree = "<group>";
		};
		CFA6C6781FC3F31A0070D823 /* TestCordovaManuallyTests */ = {
			isa = PBXGroup;
			children = (
				CFA6C6791FC3F31A0070D823 /* TestCordovaManuallyTests.m */,
				CFA6C67B1FC3F31A0070D823 /* Info.plist */,
			);
			path = TestCordovaManuallyTests;
			sourceTree = "<group>";
		};
/* End PBXGroup section */

/* Begin PBXNativeTarget section */
		CFA6C65C1FC3F31A0070D823 /* TestCordovaManually */ = {
			isa = PBXNativeTarget;
			buildConfigurationList = CFA6C67E1FC3F31A0070D823 /* Build configuration list for PBXNativeTarget "TestCordovaManually" */;
			buildPhases = (
				CFA6C6591FC3F31A0070D823 /* Sources */,
				CFA6C65A1FC3F31A0070D823 /* Frameworks */,
				CFA6C65B1FC3F31A0070D823 /* Resources */,
			);
			buildRules = (
			);
			dependencies = (
				CF4BBC4B1FC533A80007EF74 /* PBXTargetDependency */,
			);
			name = TestCordovaManually;
			productName = TestCordovaManually;
			productReference = CFA6C65D1FC3F31A0070D823 /* TestCordovaManually.app */;
			productType = "com.apple.product-type.application";
		};
		CFA6C6741FC3F31A0070D823 /* TestCordovaManuallyTests */ = {
			isa = PBXNativeTarget;
			buildConfigurationList = CFA6C6811FC3F31A0070D823 /* Build configuration list for PBXNativeTarget "TestCordovaManuallyTests" */;
			buildPhases = (
				CFA6C6711FC3F31A0070D823 /* Sources */,
				CFA6C6721FC3F31A0070D823 /* Frameworks */,
				CFA6C6731FC3F31A0070D823 /* Resources */,
			);
			buildRules = (
			);
			dependencies = (
				CFA6C6771FC3F31A0070D823 /* PBXTargetDependency */,
			);
			name = TestCordovaManuallyTests;
			productName = TestCordovaManuallyTests;
			productReference = CFA6C6751FC3F31A0070D823 /* TestCordovaManuallyTests.xctest */;
			productType = "com.apple.product-type.bundle.unit-test";
		};
/* End PBXNativeTarget section */

/* Begin PBXProject section */
		CFA6C6551FC3F31A0070D823 /* Project object */ = {
			isa = PBXProject;
			attributes = {
				LastUpgradeCheck = 0910;
				ORGANIZATIONNAME = "Dawn Wang";
				TargetAttributes = {
					CFA6C65C1FC3F31A0070D823 = {
						CreatedOnToolsVersion = 9.1;
						ProvisioningStyle = Automatic;
					};
					CFA6C6741FC3F31A0070D823 = {
						CreatedOnToolsVersion = 9.1;
						ProvisioningStyle = Automatic;
						TestTargetID = CFA6C65C1FC3F31A0070D823;
					};
				};
			};
			buildConfigurationList = CFA6C6581FC3F31A0070D823 /* Build configuration list for PBXProject "TestCordovaManually" */;
			compatibilityVersion = "Xcode 8.0";
			developmentRegion = en;
			hasScannedForEncodings = 0;
			knownRegions = (
				en,
				Base,
			);
			mainGroup = CFA6C6541FC3F31A0070D823;
			productRefGroup = CFA6C65E1FC3F31A0070D823 /* Products */;
			projectDirPath = "";
			projectReferences = (
				{
					ProductGroup = CF4BBC421FC5332E0007EF74 /* Products */;
					ProjectRef = CF4BBC411FC5332E0007EF74 /* CordovaLib.xcodeproj */;
				},
			);
			projectRoot = "";
			targets = (
				CFA6C65C1FC3F31A0070D823 /* TestCordovaManually */,
				CFA6C6741FC3F31A0070D823 /* TestCordovaManuallyTests */,
			);
		};
/* End PBXProject section */

/* Begin PBXReferenceProxy section */
		CF4BBC471FC5332E0007EF74 /* libCordova.a */ = {
			isa = PBXReferenceProxy;
			fileType = archive.ar;
			path = libCordova.a;
			remoteRef = CF4BBC461FC5332E0007EF74 /* PBXContainerItemProxy */;
			sourceTree = BUILT_PRODUCTS_DIR;
		};
		CF4BBC491FC5332E0007EF74 /* Cordova.framework */ = {
			isa = PBXReferenceProxy;
			fileType = wrapper.framework;
			path = Cordova.framework;
			remoteRef = CF4BBC481FC5332E0007EF74 /* PBXContainerItemProxy */;
			sourceTree = BUILT_PRODUCTS_DIR;
		};
/* End PBXReferenceProxy section */

/* Begin PBXResourcesBuildPhase section */
		CFA6C65B1FC3F31A0070D823 /* Resources */ = {
			isa = PBXResourcesBuildPhase;
			buildActionMask = 2147483647;
			files = (
				CFA6C66D1FC3F31A0070D823 /* LaunchScreen.storyboard in Resources */,
				CFA6C66A1FC3F31A0070D823 /* Assets.xcassets in Resources */,
				CFA6C6681FC3F31A0070D823 /* Main.storyboard in Resources */,
				CF4BBC401FC533240007EF74 /* www in Resources */,
				CF4BBC3F1FC533240007EF74 /* config.xml in Resources */,
			);
			runOnlyForDeploymentPostprocessing = 0;
		};
		CFA6C6731FC3F31A0070D823 /* Resources */ = {
			isa = PBXResourcesBuildPhase;
			buildActionMask = 2147483647;
			files = (
			);
			runOnlyForDeploymentPostprocessing = 0;
		};
/* End PBXResourcesBuildPhase section */

/* Begin PBXSourcesBuildPhase section */
		CFA6C6591FC3F31A0070D823 /* Sources */ = {
			isa = PBXSourcesBuildPhase;
			buildActionMask = 2147483647;
			files = (
				CF4BB9EA1FC3FE6E0007EF74 /* ACDVViewController.m in Sources */,
				CFA6C6651FC3F31A0070D823 /* ViewController.m in Sources */,
				CFA6C6701FC3F31A0070D823 /* main.m in Sources */,
				CFA6C6621FC3F31A0070D823 /* AppDelegate.m in Sources */,
			);
			runOnlyForDeploymentPostprocessing = 0;
		};
		CFA6C6711FC3F31A0070D823 /* Sources */ = {
			isa = PBXSourcesBuildPhase;
			buildActionMask = 2147483647;
			files = (
				CFA6C67A1FC3F31A0070D823 /* TestCordovaManuallyTests.m in Sources */,
			);
			runOnlyForDeploymentPostprocessing = 0;
		};
/* End PBXSourcesBuildPhase section */

/* Begin PBXTargetDependency section */
		CF4BBC4B1FC533A80007EF74 /* PBXTargetDependency */ = {
			isa = PBXTargetDependency;
			name = Cordova;
			targetProxy = CF4BBC4A1FC533A80007EF74 /* PBXContainerItemProxy */;
		};
		CFA6C6771FC3F31A0070D823 /* PBXTargetDependency */ = {
			isa = PBXTargetDependency;
			target = CFA6C65C1FC3F31A0070D823 /* TestCordovaManually */;
			targetProxy = CFA6C6761FC3F31A0070D823 /* PBXContainerItemProxy */;
		};
/* End PBXTargetDependency section */

/* Begin PBXVariantGroup section */
		CFA6C6661FC3F31A0070D823 /* Main.storyboard */ = {
			isa = PBXVariantGroup;
			children = (
				CFA6C6671FC3F31A0070D823 /* Base */,
			);
			name = Main.storyboard;
			sourceTree = "<group>";
		};
		CFA6C66B1FC3F31A0070D823 /* LaunchScreen.storyboard */ = {
			isa = PBXVariantGroup;
			children = (
				CFA6C66C1FC3F31A0070D823 /* Base */,
			);
			name = LaunchScreen.storyboard;
			sourceTree = "<group>";
		};
/* End PBXVariantGroup section */

/* Begin XCBuildConfiguration section */
		CFA6C67C1FC3F31A0070D823 /* Debug */ = {
			isa = XCBuildConfiguration;
			buildSettings = {
				ALWAYS_SEARCH_USER_PATHS = NO;
				CLANG_ANALYZER_NONNULL = YES;
				CLANG_ANALYZER_NUMBER_OBJECT_CONVERSION = YES_AGGRESSIVE;
				CLANG_CXX_LANGUAGE_STANDARD = "gnu++14";
				CLANG_CXX_LIBRARY = "libc++";
				CLANG_ENABLE_MODULES = YES;
				CLANG_ENABLE_OBJC_ARC = YES;
				CLANG_WARN_BLOCK_CAPTURE_AUTORELEASING = YES;
				CLANG_WARN_BOOL_CONVERSION = YES;
				CLANG_WARN_COMMA = YES;
				CLANG_WARN_CONSTANT_CONVERSION = YES;
				CLANG_WARN_DIRECT_OBJC_ISA_USAGE = YES_ERROR;
				CLANG_WARN_DOCUMENTATION_COMMENTS = YES;
				CLANG_WARN_EMPTY_BODY = YES;
				CLANG_WARN_ENUM_CONVERSION = YES;
				CLANG_WARN_INFINITE_RECURSION = YES;
				CLANG_WARN_INT_CONVERSION = YES;
				CLANG_WARN_NON_LITERAL_NULL_CONVERSION = YES;
				CLANG_WARN_OBJC_LITERAL_CONVERSION = YES;
				CLANG_WARN_OBJC_ROOT_CLASS = YES_ERROR;
				CLANG_WARN_RANGE_LOOP_ANALYSIS = YES;
				CLANG_WARN_STRICT_PROTOTYPES = YES;
				CLANG_WARN_SUSPICIOUS_MOVE = YES;
				CLANG_WARN_UNGUARDED_AVAILABILITY = YES_AGGRESSIVE;
				CLANG_WARN_UNREACHABLE_CODE = YES;
				CLANG_WARN__DUPLICATE_METHOD_MATCH = YES;
				CODE_SIGN_IDENTITY = "iPhone Developer";
				COPY_PHASE_STRIP = NO;
				DEBUG_INFORMATION_FORMAT = dwarf;
				ENABLE_STRICT_OBJC_MSGSEND = YES;
				ENABLE_TESTABILITY = YES;
				GCC_C_LANGUAGE_STANDARD = gnu11;
				GCC_DYNAMIC_NO_PIC = NO;
				GCC_NO_COMMON_BLOCKS = YES;
				GCC_OPTIMIZATION_LEVEL = 0;
				GCC_PREPROCESSOR_DEFINITIONS = (
					"DEBUG=1",
					"$(inherited)",
				);
				GCC_WARN_64_TO_32_BIT_CONVERSION = YES;
				GCC_WARN_ABOUT_RETURN_TYPE = YES_ERROR;
				GCC_WARN_UNDECLARED_SELECTOR = YES;
				GCC_WARN_UNINITIALIZED_AUTOS = YES_AGGRESSIVE;
				GCC_WARN_UNUSED_FUNCTION = YES;
				GCC_WARN_UNUSED_VARIABLE = YES;
				IPHONEOS_DEPLOYMENT_TARGET = 11.1;
				MTL_ENABLE_DEBUG_INFO = YES;
				ONLY_ACTIVE_ARCH = YES;
				SDKROOT = iphoneos;
			};
			name = Debug;
		};
		CFA6C67D1FC3F31A0070D823 /* Release */ = {
			isa = XCBuildConfiguration;
			buildSettings = {
				ALWAYS_SEARCH_USER_PATHS = NO;
				CLANG_ANALYZER_NONNULL = YES;
				CLANG_ANALYZER_NUMBER_OBJECT_CONVERSION = YES_AGGRESSIVE;
				CLANG_CXX_LANGUAGE_STANDARD = "gnu++14";
				CLANG_CXX_LIBRARY = "libc++";
				CLANG_ENABLE_MODULES = YES;
				CLANG_ENABLE_OBJC_ARC = YES;
				CLANG_WARN_BLOCK_CAPTURE_AUTORELEASING = YES;
				CLANG_WARN_BOOL_CONVERSION = YES;
				CLANG_WARN_COMMA = YES;
				CLANG_WARN_CONSTANT_CONVERSION = YES;
				CLANG_WARN_DIRECT_OBJC_ISA_USAGE = YES_ERROR;
				CLANG_WARN_DOCUMENTATION_COMMENTS = YES;
				CLANG_WARN_EMPTY_BODY = YES;
				CLANG_WARN_ENUM_CONVERSION = YES;
				CLANG_WARN_INFINITE_RECURSION = YES;
				CLANG_WARN_INT_CONVERSION = YES;
				CLANG_WARN_NON_LITERAL_NULL_CONVERSION = YES;
				CLANG_WARN_OBJC_LITERAL_CONVERSION = YES;
				CLANG_WARN_OBJC_ROOT_CLASS = YES_ERROR;
				CLANG_WARN_RANGE_LOOP_ANALYSIS = YES;
				CLANG_WARN_STRICT_PROTOTYPES = YES;
				CLANG_WARN_SUSPICIOUS_MOVE = YES;
				CLANG_WARN_UNGUARDED_AVAILABILITY = YES_AGGRESSIVE;
				CLANG_WARN_UNREACHABLE_CODE = YES;
				CLANG_WARN__DUPLICATE_METHOD_MATCH = YES;
				CODE_SIGN_IDENTITY = "iPhone Developer";
				COPY_PHASE_STRIP = NO;
				DEBUG_INFORMATION_FORMAT = "dwarf-with-dsym";
				ENABLE_NS_ASSERTIONS = NO;
				ENABLE_STRICT_OBJC_MSGSEND = YES;
				GCC_C_LANGUAGE_STANDARD = gnu11;
				GCC_NO_COMMON_BLOCKS = YES;
				GCC_WARN_64_TO_32_BIT_CONVERSION = YES;
				GCC_WARN_ABOUT_RETURN_TYPE = YES_ERROR;
				GCC_WARN_UNDECLARED_SELECTOR = YES;
				GCC_WARN_UNINITIALIZED_AUTOS = YES_AGGRESSIVE;
				GCC_WARN_UNUSED_FUNCTION = YES;
				GCC_WARN_UNUSED_VARIABLE = YES;
				IPHONEOS_DEPLOYMENT_TARGET = 11.1;
				MTL_ENABLE_DEBUG_INFO = NO;
				SDKROOT = iphoneos;
				VALIDATE_PRODUCT = YES;
			};
			name = Release;
		};
		CFA6C67F1FC3F31A0070D823 /* Debug */ = {
			isa = XCBuildConfiguration;
			buildSettings = {
				ASSETCATALOG_COMPILER_APPICON_NAME = AppIcon;
				CODE_SIGN_STYLE = Automatic;
				DEVELOPMENT_TEAM = U93SZ24BFE;
				ENABLE_BITCODE = NO;
				FRAMEWORK_SEARCH_PATHS = "";
				HEADER_SEARCH_PATHS = (
					"\"$(CORDOVALIB)/Classes\"",
					"\"$(TARGET_BUILD_DIR)/usr/local/lib/include\"",
					"\"$(OBJROOT)/UninstalledProducts/include\"",
					"\"$(BUILT_PRODUCTS_DIR)\"",
					"\"$(OBJROOT)/UninstalledProducts/$(PLATFORM_NAME)/include\"",
				);
				INFOPLIST_FILE = TestCordovaManually/Info.plist;
				IPHONEOS_DEPLOYMENT_TARGET = 9.0;
				LD_RUNPATH_SEARCH_PATHS = "$(inherited) @executable_path/Frameworks";
				OTHER_LDFLAGS = "-ObjC";
				PRODUCT_BUNDLE_IDENTIFIER = dawn.TestCordovaManually;
				PRODUCT_NAME = "$(TARGET_NAME)";
				TARGETED_DEVICE_FAMILY = "1,2";
				WARNING_CFLAGS = "-Wno-strict-prototypes";
			};
			name = Debug;
		};
		CFA6C6801FC3F31A0070D823 /* Release */ = {
			isa = XCBuildConfiguration;
			buildSettings = {
				ASSETCATALOG_COMPILER_APPICON_NAME = AppIcon;
				CODE_SIGN_STYLE = Automatic;
				DEVELOPMENT_TEAM = U93SZ24BFE;
				ENABLE_BITCODE = NO;
				FRAMEWORK_SEARCH_PATHS = "";
				HEADER_SEARCH_PATHS = (
					"\"$(CORDOVALIB)/Classes\"",
					"\"$(TARGET_BUILD_DIR)/usr/local/lib/include\"",
					"\"$(OBJROOT)/UninstalledProducts/include\"",
					"\"$(BUILT_PRODUCTS_DIR)\"",
					"\"$(OBJROOT)/UninstalledProducts/$(PLATFORM_NAME)/include\"",
				);
				INFOPLIST_FILE = TestCordovaManually/Info.plist;
				IPHONEOS_DEPLOYMENT_TARGET = 9.0;
				LD_RUNPATH_SEARCH_PATHS = "$(inherited) @executable_path/Frameworks";
				OTHER_LDFLAGS = "-ObjC";
				PRODUCT_BUNDLE_IDENTIFIER = dawn.TestCordovaManually;
				PRODUCT_NAME = "$(TARGET_NAME)";
				TARGETED_DEVICE_FAMILY = "1,2";
				WARNING_CFLAGS = "-Wno-strict-prototypes";
			};
			name = Release;
		};
		CFA6C6821FC3F31A0070D823 /* Debug */ = {
			isa = XCBuildConfiguration;
			buildSettings = {
				BUNDLE_LOADER = "$(TEST_HOST)";
				CODE_SIGN_STYLE = Automatic;
				INFOPLIST_FILE = TestCordovaManuallyTests/Info.plist;
				LD_RUNPATH_SEARCH_PATHS = "$(inherited) @executable_path/Frameworks @loader_path/Frameworks";
				PRODUCT_BUNDLE_IDENTIFIER = dawn.TestCordovaManuallyTests;
				PRODUCT_NAME = "$(TARGET_NAME)";
				TARGETED_DEVICE_FAMILY = "1,2";
				TEST_HOST = "$(BUILT_PRODUCTS_DIR)/TestCordovaManually.app/TestCordovaManually";
			};
			name = Debug;
		};
		CFA6C6831FC3F31A0070D823 /* Release */ = {
			isa = XCBuildConfiguration;
			buildSettings = {
				BUNDLE_LOADER = "$(TEST_HOST)";
				CODE_SIGN_STYLE = Automatic;
				INFOPLIST_FILE = TestCordovaManuallyTests/Info.plist;
				LD_RUNPATH_SEARCH_PATHS = "$(inherited) @executable_path/Frameworks @loader_path/Frameworks";
				PRODUCT_BUNDLE_IDENTIFIER = dawn.TestCordovaManuallyTests;
				PRODUCT_NAME = "$(TARGET_NAME)";
				TARGETED_DEVICE_FAMILY = "1,2";
				TEST_HOST = "$(BUILT_PRODUCTS_DIR)/TestCordovaManually.app/TestCordovaManually";
			};
			name = Release;
		};
/* End XCBuildConfiguration section */

/* Begin XCConfigurationList section */
		CFA6C6581FC3F31A0070D823 /* Build configuration list for PBXProject "TestCordovaManually" */ = {
			isa = XCConfigurationList;
			buildConfigurations = (
				CFA6C67C1FC3F31A0070D823 /* Debug */,
				CFA6C67D1FC3F31A0070D823 /* Release */,
			);
			defaultConfigurationIsVisible = 0;
			defaultConfigurationName = Release;
		};
		CFA6C67E1FC3F31A0070D823 /* Build configuration list for PBXNativeTarget "TestCordovaManually" */ = {
			isa = XCConfigurationList;
			buildConfigurations = (
				CFA6C67F1FC3F31A0070D823 /* Debug */,
				CFA6C6801FC3F31A0070D823 /* Release */,
			);
			defaultConfigurationIsVisible = 0;
			defaultConfigurationName = Release;
		};
		CFA6C6811FC3F31A0070D823 /* Build configuration list for PBXNativeTarget "TestCordovaManuallyTests" */ = {
			isa = XCConfigurationList;
			buildConfigurations = (
				CFA6C6821FC3F31A0070D823 /* Debug */,
				CFA6C6831FC3F31A0070D823 /* Release */,
			);
			defaultConfigurationIsVisible = 0;
			defaultConfigurationName = Release;
		};
/* End XCConfigurationList section */
	};
	rootObject = CFA6C6551FC3F31A0070D823 /* Project object */;
}
